
Microsoft Visual Studio Solution File, Format Version 12.00
# Visual Studio 15
VisualStudioVersion = 15.0.28307.572
MinimumVisualStudioVersion = 10.0.40219.1
Project("{FAE04EC0-301F-11D3-BF4B-00C04F79EFBC}") = "thread", "thread\thread.csproj", "{4F92A0B1-19B8-4995-B368-AD25CD754EDE}"
EndProject
Global
	GlobalSection(SolutionConfigurationPlatforms) = preSolution
		Debug|Any CPU = Debug|Any CPU
		Release|Any CPU = Release|Any CPU
	EndGlobalSection
	GlobalSection(ProjectConfigurationPlatforms) = postSolution
		{4F92A0B1-19B8-4995-B368-AD25CD754EDE}.Debug|Any CPU.ActiveCfg = Debug|Any CPU
		{4F92A0B1-19B8-4995-B368-AD25CD754EDE}.Debug|Any CPU.Build.0 = Debug|Any CPU
		{4F92A0B1-19B8-4995-B368-AD25CD754EDE}.Release|Any CPU.ActiveCfg = Release|Any CPU
		{4F92A0B1-19B8-4995-B368-AD25CD754EDE}.Release|Any CPU.Build.0 = Release|Any CPU
	EndGlobalSection
	GlobalSection(SolutionProperties) = preSolution
		HideSolutionNode = FALSE
	EndGlobalSection
	GlobalSection(ExtensibilityGlobals) = postSolution
		SolutionGuid = {7F400B24-93C8-4EBF-A8C2-59ED5706F347}
	EndGlobalSection
EndGlobal
